
Microsoft Visual Studio Solution File, Format Version 12.00
# Visual Studio Version 17
VisualStudioVersion = 17.13.35806.99 d17.13
MinimumVisualStudioVersion = 10.0.40219.1
Project("{FAE04EC0-301F-11D3-BF4B-00C04F79EFBC}") = "LogIPServiceTestAssignment", "LogIPServiceTestAssignment\LogIPServiceTestAssignment.csproj", "{8F3923CA-A1B0-43E4-B0ED-96EACEC39C19}"
EndProject
Project("{FAE04EC0-301F-11D3-BF4B-00C04F79EFBC}") = "LogIPServiceTests", "LogIPServiceTests\LogIPServiceTests.csproj", "{9ED56216-32D5-4B53-8628-CEB388261846}"
EndProject
Global
	GlobalSection(SolutionConfigurationPlatforms) = preSolution
		Debug|Any CPU = Debug|Any CPU
		Release|Any CPU = Release|Any CPU
	EndGlobalSection
	GlobalSection(ProjectConfigurationPlatforms) = postSolution
		{8F3923CA-A1B0-43E4-B0ED-96EACEC39C19}.Debug|Any CPU.ActiveCfg = Debug|Any CPU
		{8F3923CA-A1B0-43E4-B0ED-96EACEC39C19}.Debug|Any CPU.Build.0 = Debug|Any CPU
		{8F3923CA-A1B0-43E4-B0ED-96EACEC39C19}.Release|Any CPU.ActiveCfg = Release|Any CPU
		{8F3923CA-A1B0-43E4-B0ED-96EACEC39C19}.Release|Any CPU.Build.0 = Release|Any CPU
		{9ED56216-32D5-4B53-8628-CEB388261846}.Debug|Any CPU.ActiveCfg = Debug|Any CPU
		{9ED56216-32D5-4B53-8628-CEB388261846}.Debug|Any CPU.Build.0 = Debug|Any CPU
		{9ED56216-32D5-4B53-8628-CEB388261846}.Release|Any CPU.ActiveCfg = Release|Any CPU
		{9ED56216-32D5-4B53-8628-CEB388261846}.Release|Any CPU.Build.0 = Release|Any CPU
	EndGlobalSection
	GlobalSection(SolutionProperties) = preSolution
		HideSolutionNode = FALSE
	EndGlobalSection
	GlobalSection(ExtensibilityGlobals) = postSolution
		SolutionGuid = {8F1A3833-D9C2-4B74-AB8C-91059C61B243}
	EndGlobalSection
EndGlobal
